
Microsoft Visual Studio Solution File, Format Version 12.00
# Visual Studio Version 17
VisualStudioVersion = 17.8.34330.188
MinimumVisualStudioVersion = 10.0.40219.1
Project("{FAE04EC0-301F-11D3-BF4B-00C04F79EFBC}") = "OPSEtmiPlus", "OPSEtmiPlus\OPSEtmiPlus.csproj", "{46607AAE-6781-485A-A70E-7E1B21B35411}"
EndProject
Global
	GlobalSection(SolutionConfigurationPlatforms) = preSolution
		Debug|Any CPU = Debug|Any CPU
		Release|Any CPU = Release|Any CPU
	EndGlobalSection
	GlobalSection(ProjectConfigurationPlatforms) = postSolution
		{46607AAE-6781-485A-A70E-7E1B21B35411}.Debug|Any CPU.ActiveCfg = Debug|Any CPU
		{46607AAE-6781-485A-A70E-7E1B21B35411}.Debug|Any CPU.Build.0 = Debug|Any CPU
		{46607AAE-6781-485A-A70E-7E1B21B35411}.Release|Any CPU.ActiveCfg = Release|Any CPU
		{46607AAE-6781-485A-A70E-7E1B21B35411}.Release|Any CPU.Build.0 = Release|Any CPU
	EndGlobalSection
	GlobalSection(SolutionProperties) = preSolution
		HideSolutionNode = FALSE
	EndGlobalSection
	GlobalSection(ExtensibilityGlobals) = postSolution
		SolutionGuid = {54C18FD4-81BD-452B-B012-F32C27BD5B8F}
	EndGlobalSection
EndGlobal
